
Microsoft Visual Studio Solution File, Format Version 12.00
Project("{FAE04EC0-301F-11D3-BF4B-00C04F79EFBC}") = "Maxov.Otus.RestAndOdata", "Maxov.Otus.RestAndOdata\Maxov.Otus.RestAndOdata.csproj", "{8E445DBF-3059-44CC-A451-12332472375D}"
EndProject
Project("{FAE04EC0-301F-11D3-BF4B-00C04F79EFBC}") = "Maxov.Otus.RestAndOdata.DAL", "DAL\Maxov.Otus.RestAndOdata.DAL\Maxov.Otus.RestAndOdata.DAL.csproj", "{4F12C7F3-31FA-4DCF-BD92-DB1C9AF4CD84}"
EndProject
Project("{2150E333-8FDC-42A3-9474-1A3956D46DE8}") = "DAL", "DAL", "{4AC09D6E-0EBF-4CC0-A20A-719D3EC33516}"
EndProject
Project("{FAE04EC0-301F-11D3-BF4B-00C04F79EFBC}") = "Maxov.Otus.RestAndOdata.DAL.Models", "DAL\Maxov.Otus.RestAndOdata.DAL.Models\Maxov.Otus.RestAndOdata.DAL.Models.csproj", "{8BBFB039-538D-4815-B2A6-177B57408C2E}"
EndProject
Project("{FAE04EC0-301F-11D3-BF4B-00C04F79EFBC}") = "Maxov.Otus.RestAndOdata.DAL.Abstractions", "DAL\Maxov.Otus.RestAndOdata.DAL.Abstractions\Maxov.Otus.RestAndOdata.DAL.Abstractions.csproj", "{4EAC6968-2178-4D52-AE6A-4A3ED2A65F03}"
EndProject
Project("{2150E333-8FDC-42A3-9474-1A3956D46DE8}") = "BLL", "BLL", "{6388EA07-3133-4182-9719-1A9D7576584D}"
EndProject
Project("{FAE04EC0-301F-11D3-BF4B-00C04F79EFBC}") = "Maxov.Otus.RestAndOdata.BLL", "BLL\Maxov.Otus.RestAndOdata.BLL\Maxov.Otus.RestAndOdata.BLL.csproj", "{24992BCA-3A1F-408E-94CA-02917FA5FD06}"
EndProject
Project("{FAE04EC0-301F-11D3-BF4B-00C04F79EFBC}") = "Maxov.Otus.RestAndOdata.BLL.Abstractions", "BLL\Maxov.Otus.RestAndOdata.BLL.Abstractions\Maxov.Otus.RestAndOdata.BLL.Abstractions.csproj", "{F06CE095-20DD-452A-9B21-5214488AFACF}"
EndProject
Project("{FAE04EC0-301F-11D3-BF4B-00C04F79EFBC}") = "Maxov.Otus.RestAndOdata.BLL.Models", "BLL\Maxov.Otus.RestAndOdata.BLL.Models\Maxov.Otus.RestAndOdata.BLL.Models.csproj", "{2EDD9875-87BE-4368-B718-4F293351CC7B}"
EndProject
Global
	GlobalSection(SolutionConfigurationPlatforms) = preSolution
		Debug|Any CPU = Debug|Any CPU
		Release|Any CPU = Release|Any CPU
	EndGlobalSection
	GlobalSection(ProjectConfigurationPlatforms) = postSolution
		{8E445DBF-3059-44CC-A451-12332472375D}.Debug|Any CPU.ActiveCfg = Debug|Any CPU
		{8E445DBF-3059-44CC-A451-12332472375D}.Debug|Any CPU.Build.0 = Debug|Any CPU
		{8E445DBF-3059-44CC-A451-12332472375D}.Release|Any CPU.ActiveCfg = Release|Any CPU
		{8E445DBF-3059-44CC-A451-12332472375D}.Release|Any CPU.Build.0 = Release|Any CPU
		{4F12C7F3-31FA-4DCF-BD92-DB1C9AF4CD84}.Debug|Any CPU.ActiveCfg = Debug|Any CPU
		{4F12C7F3-31FA-4DCF-BD92-DB1C9AF4CD84}.Debug|Any CPU.Build.0 = Debug|Any CPU
		{4F12C7F3-31FA-4DCF-BD92-DB1C9AF4CD84}.Release|Any CPU.ActiveCfg = Release|Any CPU
		{4F12C7F3-31FA-4DCF-BD92-DB1C9AF4CD84}.Release|Any CPU.Build.0 = Release|Any CPU
		{8BBFB039-538D-4815-B2A6-177B57408C2E}.Debug|Any CPU.ActiveCfg = Debug|Any CPU
		{8BBFB039-538D-4815-B2A6-177B57408C2E}.Debug|Any CPU.Build.0 = Debug|Any CPU
		{8BBFB039-538D-4815-B2A6-177B57408C2E}.Release|Any CPU.ActiveCfg = Release|Any CPU
		{8BBFB039-538D-4815-B2A6-177B57408C2E}.Release|Any CPU.Build.0 = Release|Any CPU
		{4EAC6968-2178-4D52-AE6A-4A3ED2A65F03}.Debug|Any CPU.ActiveCfg = Debug|Any CPU
		{4EAC6968-2178-4D52-AE6A-4A3ED2A65F03}.Debug|Any CPU.Build.0 = Debug|Any CPU
		{4EAC6968-2178-4D52-AE6A-4A3ED2A65F03}.Release|Any CPU.ActiveCfg = Release|Any CPU
		{4EAC6968-2178-4D52-AE6A-4A3ED2A65F03}.Release|Any CPU.Build.0 = Release|Any CPU
		{24992BCA-3A1F-408E-94CA-02917FA5FD06}.Debug|Any CPU.ActiveCfg = Debug|Any CPU
		{24992BCA-3A1F-408E-94CA-02917FA5FD06}.Debug|Any CPU.Build.0 = Debug|Any CPU
		{24992BCA-3A1F-408E-94CA-02917FA5FD06}.Release|Any CPU.ActiveCfg = Release|Any CPU
		{24992BCA-3A1F-408E-94CA-02917FA5FD06}.Release|Any CPU.Build.0 = Release|Any CPU
		{F06CE095-20DD-452A-9B21-5214488AFACF}.Debug|Any CPU.ActiveCfg = Debug|Any CPU
		{F06CE095-20DD-452A-9B21-5214488AFACF}.Debug|Any CPU.Build.0 = Debug|Any CPU
		{F06CE095-20DD-452A-9B21-5214488AFACF}.Release|Any CPU.ActiveCfg = Release|Any CPU
		{F06CE095-20DD-452A-9B21-5214488AFACF}.Release|Any CPU.Build.0 = Release|Any CPU
		{2EDD9875-87BE-4368-B718-4F293351CC7B}.Debug|Any CPU.ActiveCfg = Debug|Any CPU
		{2EDD9875-87BE-4368-B718-4F293351CC7B}.Debug|Any CPU.Build.0 = Debug|Any CPU
		{2EDD9875-87BE-4368-B718-4F293351CC7B}.Release|Any CPU.ActiveCfg = Release|Any CPU
		{2EDD9875-87BE-4368-B718-4F293351CC7B}.Release|Any CPU.Build.0 = Release|Any CPU
	EndGlobalSection
	GlobalSection(NestedProjects) = preSolution
		{4F12C7F3-31FA-4DCF-BD92-DB1C9AF4CD84} = {4AC09D6E-0EBF-4CC0-A20A-719D3EC33516}
		{8BBFB039-538D-4815-B2A6-177B57408C2E} = {4AC09D6E-0EBF-4CC0-A20A-719D3EC33516}
		{4EAC6968-2178-4D52-AE6A-4A3ED2A65F03} = {4AC09D6E-0EBF-4CC0-A20A-719D3EC33516}
		{24992BCA-3A1F-408E-94CA-02917FA5FD06} = {6388EA07-3133-4182-9719-1A9D7576584D}
		{F06CE095-20DD-452A-9B21-5214488AFACF} = {6388EA07-3133-4182-9719-1A9D7576584D}
		{2EDD9875-87BE-4368-B718-4F293351CC7B} = {6388EA07-3133-4182-9719-1A9D7576584D}
	EndGlobalSection
EndGlobal
